
Microsoft Visual Studio Solution File, Format Version 12.00
# Visual Studio 15
VisualStudioVersion = 15.0.28307.1000
MinimumVisualStudioVersion = 10.0.40219.1
Project("{FAE04EC0-301F-11D3-BF4B-00C04F79EFBC}") = "WindowsFormsApp1", "WindowsFormsApp1\WindowsFormsApp1.csproj", "{287C59EF-2834-4EF4-9BC1-7B7789C54865}"
EndProject
Global
	GlobalSection(SolutionConfigurationPlatforms) = preSolution
		Debug|Any CPU = Debug|Any CPU
		Release|Any CPU = Release|Any CPU
	EndGlobalSection
	GlobalSection(ProjectConfigurationPlatforms) = postSolution
		{287C59EF-2834-4EF4-9BC1-7B7789C54865}.Debug|Any CPU.ActiveCfg = Debug|Any CPU
		{287C59EF-2834-4EF4-9BC1-7B7789C54865}.Debug|Any CPU.Build.0 = Debug|Any CPU
		{287C59EF-2834-4EF4-9BC1-7B7789C54865}.Release|Any CPU.ActiveCfg = Release|Any CPU
		{287C59EF-2834-4EF4-9BC1-7B7789C54865}.Release|Any CPU.Build.0 = Release|Any CPU
	EndGlobalSection
	GlobalSection(SolutionProperties) = preSolution
		HideSolutionNode = FALSE
	EndGlobalSection
	GlobalSection(ExtensibilityGlobals) = postSolution
		SolutionGuid = {D2FD44B2-C1C0-471C-9D01-330317DF24A2}
	EndGlobalSection
EndGlobal
